<?xml version="1.0" encoding="utf-8"?>
<Project ToolsVersion="4.0" xmlns="http://schemas.microsoft.com/developer/msbuild/2003">
  <ItemGroup>
    <Filter Include="Source Files">
      <UniqueIdentifier>{4FC737F1-C7A5-4376-A066-2A32D752A2FF}</UniqueIdentifier>
      <Extensions>cpp;c;cc;cxx;def;odl;idl;hpj;bat;asm;asmx</Extensions>
    </Filter>
    <Filter Include="Header Files">
      <UniqueIdentifier>{93995380-89BD-4b04-88EB-625FBE52EBFB}</UniqueIdentifier>
      <Extensions>h;hpp;hxx;hm;inl;inc;xsd</Extensions>
    </Filter>
    <Filter Include="Resource Files">
      <UniqueIdentifier>{67DA6AB6-F800-4c08-8B7A-83BB121AAD01}</UniqueIdentifier>
      <Extensions>rc;ico;cur;bmp;dlg;rc2;rct;bin;rgs;gif;jpg;jpeg;jpe;resx;tiff;tif;png;wav</Extensions>
    </Filter>
    <Filter Include="Blocks">
      <UniqueIdentifier>{62203D88-4CC2-4831-A490-19E95B278294}</UniqueIdentifier>
    </Filter>
    <Filter Include="Blocks\GLTF">
      <UniqueIdentifier>{09606C4D-809B-4C97-B8B1-A2EF29A6487C}</UniqueIdentifier>
    </Filter>
    <Filter Include="Blocks\GLTF\src">
      <UniqueIdentifier>{61E02EC1-29ED-4D8B-A575-D5D1951FF106}</UniqueIdentifier>
    </Filter>
    <Filter Include="Blocks\GLTF\src\cinder">
      <UniqueIdentifier>{1990F553-6D7E-439E-9EF3-A137784A895B}</UniqueIdentifier>
    </Filter>
    <Filter Include="Blocks\GLTF\src\cinder\gltf">
      <UniqueIdentifier>{2535F82A-2673-4302-A549-3B8814481C03}</UniqueIdentifier>
    </Filter>
    <Filter Include="Blocks\GLTF\src\cinder\simple">
      <UniqueIdentifier>{78224527-cec8-4bb0-b448-28fb38378b70}</UniqueIdentifier>
    </Filter>
  </ItemGroup>
  <ItemGroup>
    <ClCompile Include="..\src\BasicAnimationApp.cpp">
      <Filter>Source Files</Filter>
    </ClCompile>
    <ClCompile Include="..\src\BasicAnimationApp.cpp">
      <Filter>Source Files</Filter>
    </ClCompile>
    <ClInclude Include="..\include\Resources.h">
      <Filter>Header Files</Filter>
    </ClInclude>
    <ClCompile Include="..\..\..\src\cinder\Skeleton.cpp">
      <Filter>Blocks\GLTF\src\cinder</Filter>
    </ClCompile>
    <ClCompile Include="..\..\..\src\cinder\gltf\File.cpp">
      <Filter>Blocks\GLTF\src\cinder\gltf</Filter>
    </ClCompile>
    <ClCompile Include="..\..\..\src\cinder\gltf\MeshLoader.cpp">
      <Filter>Blocks\GLTF\src\cinder\gltf</Filter>
    </ClCompile>
    <ClCompile Include="..\..\..\src\cinder\gltf\Types.cpp">
      <Filter>Blocks\GLTF\src\cinder\gltf</Filter>
    </ClCompile>
    <ClInclude Include="..\..\..\src\cinder\Animation.h">
      <Filter>Blocks\GLTF\src\cinder</Filter>
    </ClInclude>
    <ClInclude Include="..\..\..\src\cinder\dqconv.h">
      <Filter>Blocks\GLTF\src\cinder</Filter>
    </ClInclude>
    <ClInclude Include="..\..\..\src\cinder\Skeleton.h">
      <Filter>Blocks\GLTF\src\cinder</Filter>
    </ClInclude>
    <ClInclude Include="..\..\..\src\cinder\gltf\File.h">
      <Filter>Blocks\GLTF\src\cinder\gltf</Filter>
    </ClInclude>
    <ClInclude Include="..\..\..\src\cinder\gltf\MeshLoader.h">
      <Filter>Blocks\GLTF\src\cinder\gltf</Filter>
    </ClInclude>
    <ClInclude Include="..\..\..\src\cinder\gltf\Types.h">
      <Filter>Blocks\GLTF\src\cinder\gltf</Filter>
    </ClInclude>
    <ClCompile Include="..\..\..\src\cinder\simple\Node.cpp">
      <Filter>Blocks\GLTF\src\cinder\simple</Filter>
    </ClCompile>
    <ClCompile Include="..\..\..\src\cinder\simple\Scene.cpp">
      <Filter>Blocks\GLTF\src\cinder\simple</Filter>
    </ClCompile>
  </ItemGroup>
  <ItemGroup>
    <ClInclude Include="..\include\Resources.h">
      <Filter>Header Files</Filter>
    </ClInclude>
    <ClInclude Include="..\..\..\src\cinder\simple\Node.h">
      <Filter>Blocks\GLTF\src\cinder\simple</Filter>
    </ClInclude>
    <ClInclude Include="..\..\..\src\cinder\simple\Scene.h">
      <Filter>Blocks\GLTF\src\cinder\simple</Filter>
    </ClInclude>
  </ItemGroup>
  <ItemGroup>
    <ResourceCompile Include="Resources.rc">
      <Filter>Resource Files</Filter>
    </ResourceCompile>
  </ItemGroup>
</Project>