<Project ToolsVersion="4.0" xmlns="http://schemas.microsoft.com/developer/msbuild/2003">
  <ItemGroup>
    <Filter Include="Source Files">
      <UniqueIdentifier>{4FC737F1-C7A5-4376-A066-2A32D752A2FF}</UniqueIdentifier>
      <Extensions>cpp;c;cc;cxx;def;odl;idl;hpj;bat;asm;asmx</Extensions>
    </Filter>
    <Filter Include="Header Files">
      <UniqueIdentifier>{93995380-89BD-4b04-88EB-625FBE52EBFB}</UniqueIdentifier>
      <Extensions>h;hpp;hxx;hm;inl;inc;xsd</Extensions>
    </Filter>
    <Filter Include="Resource Files">
      <UniqueIdentifier>{67DA6AB6-F800-4c08-8B7A-83BB121AAD01}</UniqueIdentifier>
      <Extensions>rc;ico;cur;bmp;dlg;rc2;rct;bin;rgs;gif;jpg;jpeg;jpe;resx;tiff;tif;png;wav</Extensions>
    </Filter>
    <Filter Include="Blocks">
      <UniqueIdentifier>{C996A70F-A754-4C52-ADBB-0BBE396A4D0E}</UniqueIdentifier>
    </Filter>
    <Filter Include="Blocks\GLTF">
      <UniqueIdentifier>{219D8364-F3A6-4D66-A686-10097C63B7B6}</UniqueIdentifier>
    </Filter>
    <Filter Include="Blocks\GLTF\src">
      <UniqueIdentifier>{D4FE1EAC-E9AD-4E8A-A4EA-A70834B221B1}</UniqueIdentifier>
    </Filter>
    <Filter Include="Blocks\GLTF\src\cinder">
      <UniqueIdentifier>{6CCACBD6-0A29-4410-BC8B-A91A293164E4}</UniqueIdentifier>
    </Filter>
    <Filter Include="Blocks\GLTF\src\cinder\gltf">
      <UniqueIdentifier>{181C0E4D-9F93-4643-8A58-ED71E4FF8E4F}</UniqueIdentifier>
    </Filter>
  </ItemGroup>
  <ItemGroup>
    <ClCompile Include="..\src\BasicLoadingApp.cpp">
      <Filter>Source Files</Filter>
    </ClCompile>
    <ClCompile Include="..\src\BasicLoadingApp.cpp">
      <Filter>Source Files</Filter>
    </ClCompile>
    <ClInclude Include="..\include\Resources.h">
      <Filter>Header Files</Filter>
    </ClInclude>
    <ClCompile Include="..\..\..\src\cinder\Skeleton.cpp">
      <Filter>Blocks\GLTF\src\cinder</Filter>
    </ClCompile>
    <ClCompile Include="..\..\..\src\cinder\gltf\File.cpp">
      <Filter>Blocks\GLTF\src\cinder\gltf</Filter>
    </ClCompile>
    <ClCompile Include="..\..\..\src\cinder\gltf\MeshLoader.cpp">
      <Filter>Blocks\GLTF\src\cinder\gltf</Filter>
    </ClCompile>
    <ClCompile Include="..\..\..\src\cinder\gltf\Types.cpp">
      <Filter>Blocks\GLTF\src\cinder\gltf</Filter>
    </ClCompile>
    <ClInclude Include="..\..\..\src\cinder\Animation.h">
      <Filter>Blocks\GLTF\src\cinder</Filter>
    </ClInclude>
    <ClInclude Include="..\..\..\src\cinder\dqconv.h">
      <Filter>Blocks\GLTF\src\cinder</Filter>
    </ClInclude>
    <ClInclude Include="..\..\..\src\cinder\Skeleton.h">
      <Filter>Blocks\GLTF\src\cinder</Filter>
    </ClInclude>
    <ClInclude Include="..\..\..\src\cinder\gltf\File.h">
      <Filter>Blocks\GLTF\src\cinder\gltf</Filter>
    </ClInclude>
    <ClInclude Include="..\..\..\src\cinder\gltf\MeshLoader.h">
      <Filter>Blocks\GLTF\src\cinder\gltf</Filter>
    </ClInclude>
    <ClInclude Include="..\..\..\src\cinder\gltf\Types.h">
      <Filter>Blocks\GLTF\src\cinder\gltf</Filter>
    </ClInclude>
  </ItemGroup>
  <ItemGroup>
    <ClInclude Include="..\include\Resources.h">
      <Filter>Header Files</Filter>
    </ClInclude>
  </ItemGroup>
  <ItemGroup>
    <ResourceCompile Include="Resources.rc">
      <Filter>Resource Files</Filter>
    </ResourceCompile>
  </ItemGroup>
</Project>
