// !$*UTF8*$!
{
	archiveVersion = 1;
	classes = {
	};
	objectVersion = 46;
	objects = {

/* Begin PBXBuildFile section */
		0091D8F90E81B9330029341E /* OpenGL.framework in Frameworks */ = {isa = PBXBuildFile; fileRef = 0091D8F80E81B9330029341E /* OpenGL.framework */; };
		00B784B30FF439BC000DE1D7 /* Accelerate.framework in Frameworks */ = {isa = PBXBuildFile; fileRef = 00B784AF0FF439BC000DE1D7 /* Accelerate.framework */; };
		00B784B40FF439BC000DE1D7 /* AudioToolbox.framework in Frameworks */ = {isa = PBXBuildFile; fileRef = 00B784B00FF439BC000DE1D7 /* AudioToolbox.framework */; };
		00B784B50FF439BC000DE1D7 /* AudioUnit.framework in Frameworks */ = {isa = PBXBuildFile; fileRef = 00B784B10FF439BC000DE1D7 /* AudioUnit.framework */; };
		00B784B60FF439BC000DE1D7 /* CoreAudio.framework in Frameworks */ = {isa = PBXBuildFile; fileRef = 00B784B20FF439BC000DE1D7 /* CoreAudio.framework */; };
		5323E6B20EAFCA74003A9687 /* CoreVideo.framework in Frameworks */ = {isa = PBXBuildFile; fileRef = 5323E6B10EAFCA74003A9687 /* CoreVideo.framework */; };
		5323E6B60EAFCA7E003A9687 /* QTKit.framework in Frameworks */ = {isa = PBXBuildFile; fileRef = 5323E6B50EAFCA7E003A9687 /* QTKit.framework */; };
		8D11072F0486CEB800E47090 /* Cocoa.framework in Frameworks */ = {isa = PBXBuildFile; fileRef = 1058C7A1FEA54F0111CA2CBB /* Cocoa.framework */; };
		AE506FD2D9704EDFA6B59FCD /* CinderApp.icns in Resources */ = {isa = PBXBuildFile; fileRef = 718920F2D97543DAADB13CF6 /* CinderApp.icns */; };
		B32CA9791982CA0800E64F8C /* duck.bin in Resources */ = {isa = PBXBuildFile; fileRef = B32CA9721982CA0800E64F8C /* duck.bin */; };
		B32CA97A1982CA0800E64F8C /* duck.dae in Resources */ = {isa = PBXBuildFile; fileRef = B32CA9731982CA0800E64F8C /* duck.dae */; };
		B32CA97B1982CA0800E64F8C /* duck.gltf in Resources */ = {isa = PBXBuildFile; fileRef = B32CA9741982CA0800E64F8C /* duck.gltf */; };
		B32CA97C1982CA0800E64F8C /* duck.json in Resources */ = {isa = PBXBuildFile; fileRef = B32CA9751982CA0800E64F8C /* duck.json */; };
		B32CA97D1982CA0800E64F8C /* duck0FS.glsl in Resources */ = {isa = PBXBuildFile; fileRef = B32CA9761982CA0800E64F8C /* duck0FS.glsl */; };
		B32CA97E1982CA0800E64F8C /* duck0VS.glsl in Resources */ = {isa = PBXBuildFile; fileRef = B32CA9771982CA0800E64F8C /* duck0VS.glsl */; };
		B32CA97F1982CA0800E64F8C /* duckCM.png in Resources */ = {isa = PBXBuildFile; fileRef = B32CA9781982CA0800E64F8C /* duckCM.png */; };
		B32CA9821982ED2F00E64F8C /* basicTexture.frag in Resources */ = {isa = PBXBuildFile; fileRef = B32CA9801982ED2F00E64F8C /* basicTexture.frag */; };
		B32CA9831982ED2F00E64F8C /* basicTexture.vert in Resources */ = {isa = PBXBuildFile; fileRef = B32CA9811982ED2F00E64F8C /* basicTexture.vert */; };
		B3B6641519AD4CD00097005F /* CoreMedia.framework in Frameworks */ = {isa = PBXBuildFile; fileRef = B3B6641419AD4CD00097005F /* CoreMedia.framework */; };
		B3B6641719AD4CD70097005F /* AVFoundation.framework in Frameworks */ = {isa = PBXBuildFile; fileRef = B3B6641619AD4CD70097005F /* AVFoundation.framework */; };
		B3BA70131A20E42700859F9D /* GLTFLoader.cpp in Sources */ = {isa = PBXBuildFile; fileRef = B3BA70111A20E42700859F9D /* GLTFLoader.cpp */; };
		B3C4AB1B19531FCD005D1017 /* GLTF.cpp in Sources */ = {isa = PBXBuildFile; fileRef = B3C4AB1919531FCD005D1017 /* GLTF.cpp */; };
		B3F4EA5B1A949B0300B8ADB1 /* GltfContainer.cpp in Sources */ = {isa = PBXBuildFile; fileRef = B3F4EA5A1A949B0300B8ADB1 /* GltfContainer.cpp */; };
		FEB95A5E7CA844AAAB8231E0 /* GLTFWorkApp.cpp in Sources */ = {isa = PBXBuildFile; fileRef = CDF1A12A281B446B92E2B412 /* GLTFWorkApp.cpp */; };
/* End PBXBuildFile section */

/* Begin PBXFileReference section */
		0091D8F80E81B9330029341E /* OpenGL.framework */ = {isa = PBXFileReference; lastKnownFileType = wrapper.framework; name = OpenGL.framework; path = /System/Library/Frameworks/OpenGL.framework; sourceTree = "<absolute>"; };
		00B784AF0FF439BC000DE1D7 /* Accelerate.framework */ = {isa = PBXFileReference; lastKnownFileType = wrapper.framework; name = Accelerate.framework; path = System/Library/Frameworks/Accelerate.framework; sourceTree = SDKROOT; };
		00B784B00FF439BC000DE1D7 /* AudioToolbox.framework */ = {isa = PBXFileReference; lastKnownFileType = wrapper.framework; name = AudioToolbox.framework; path = System/Library/Frameworks/AudioToolbox.framework; sourceTree = SDKROOT; };
		00B784B10FF439BC000DE1D7 /* AudioUnit.framework */ = {isa = PBXFileReference; lastKnownFileType = wrapper.framework; name = AudioUnit.framework; path = System/Library/Frameworks/AudioUnit.framework; sourceTree = SDKROOT; };
		00B784B20FF439BC000DE1D7 /* CoreAudio.framework */ = {isa = PBXFileReference; lastKnownFileType = wrapper.framework; name = CoreAudio.framework; path = System/Library/Frameworks/CoreAudio.framework; sourceTree = SDKROOT; };
		0D78716D720B4D1486377C35 /* GLTFWork_Prefix.pch */ = {isa = PBXFileReference; lastKnownFileType = "\"\""; path = GLTFWork_Prefix.pch; sourceTree = "<group>"; };
		1058C7A1FEA54F0111CA2CBB /* Cocoa.framework */ = {isa = PBXFileReference; lastKnownFileType = wrapper.framework; name = Cocoa.framework; path = /System/Library/Frameworks/Cocoa.framework; sourceTree = "<absolute>"; };
		29B97324FDCFA39411CA2CEA /* AppKit.framework */ = {isa = PBXFileReference; lastKnownFileType = wrapper.framework; name = AppKit.framework; path = /System/Library/Frameworks/AppKit.framework; sourceTree = "<absolute>"; };
		29B97325FDCFA39411CA2CEA /* Foundation.framework */ = {isa = PBXFileReference; lastKnownFileType = wrapper.framework; name = Foundation.framework; path = /System/Library/Frameworks/Foundation.framework; sourceTree = "<absolute>"; };
		5323E6B10EAFCA74003A9687 /* CoreVideo.framework */ = {isa = PBXFileReference; lastKnownFileType = wrapper.framework; name = CoreVideo.framework; path = /System/Library/Frameworks/CoreVideo.framework; sourceTree = "<absolute>"; };
		5323E6B50EAFCA7E003A9687 /* QTKit.framework */ = {isa = PBXFileReference; lastKnownFileType = wrapper.framework; name = QTKit.framework; path = /System/Library/Frameworks/QTKit.framework; sourceTree = "<absolute>"; };
		681B11F516C946D7BBFEEFA2 /* Info.plist */ = {isa = PBXFileReference; lastKnownFileType = text.plist.xml; path = Info.plist; sourceTree = "<group>"; };
		718920F2D97543DAADB13CF6 /* CinderApp.icns */ = {isa = PBXFileReference; lastKnownFileType = image.icns; name = CinderApp.icns; path = ../resources/CinderApp.icns; sourceTree = "<group>"; };
		8D1107320486CEB800E47090 /* GLTFWork.app */ = {isa = PBXFileReference; explicitFileType = wrapper.application; includeInIndex = 0; path = GLTFWork.app; sourceTree = BUILT_PRODUCTS_DIR; };
		B32CA9721982CA0800E64F8C /* duck.bin */ = {isa = PBXFileReference; lastKnownFileType = archive.macbinary; name = duck.bin; path = ../assets/duck.bin; sourceTree = "<group>"; };
		B32CA9731982CA0800E64F8C /* duck.dae */ = {isa = PBXFileReference; fileEncoding = 4; lastKnownFileType = text.xml.dae; name = duck.dae; path = ../assets/duck.dae; sourceTree = "<group>"; };
		B32CA9741982CA0800E64F8C /* duck.gltf */ = {isa = PBXFileReference; explicitFileType = text.json; fileEncoding = 4; name = duck.gltf; path = ../assets/duck.gltf; sourceTree = "<group>"; };
		B32CA9751982CA0800E64F8C /* duck.json */ = {isa = PBXFileReference; fileEncoding = 4; lastKnownFileType = text.json; name = duck.json; path = ../assets/duck.json; sourceTree = "<group>"; };
		B32CA9761982CA0800E64F8C /* duck0FS.glsl */ = {isa = PBXFileReference; fileEncoding = 4; lastKnownFileType = text; name = duck0FS.glsl; path = ../assets/duck0FS.glsl; sourceTree = "<group>"; };
		B32CA9771982CA0800E64F8C /* duck0VS.glsl */ = {isa = PBXFileReference; fileEncoding = 4; lastKnownFileType = text; name = duck0VS.glsl; path = ../assets/duck0VS.glsl; sourceTree = "<group>"; };
		B32CA9781982CA0800E64F8C /* duckCM.png */ = {isa = PBXFileReference; lastKnownFileType = image.png; name = duckCM.png; path = ../assets/duckCM.png; sourceTree = "<group>"; };
		B32CA9801982ED2F00E64F8C /* basicTexture.frag */ = {isa = PBXFileReference; fileEncoding = 4; lastKnownFileType = sourcecode.glsl; name = basicTexture.frag; path = ../assets/basicTexture.frag; sourceTree = "<group>"; };
		B32CA9811982ED2F00E64F8C /* basicTexture.vert */ = {isa = PBXFileReference; fileEncoding = 4; lastKnownFileType = sourcecode.glsl; name = basicTexture.vert; path = ../assets/basicTexture.vert; sourceTree = "<group>"; };
		B37F628E195A20EE005F267A /* GltfContainer.h */ = {isa = PBXFileReference; lastKnownFileType = sourcecode.c.h; name = GltfContainer.h; path = ../include/GltfContainer.h; sourceTree = "<group>"; };
		B3B6641419AD4CD00097005F /* CoreMedia.framework */ = {isa = PBXFileReference; lastKnownFileType = wrapper.framework; name = CoreMedia.framework; path = System/Library/Frameworks/CoreMedia.framework; sourceTree = SDKROOT; };
		B3B6641619AD4CD70097005F /* AVFoundation.framework */ = {isa = PBXFileReference; lastKnownFileType = wrapper.framework; name = AVFoundation.framework; path = System/Library/Frameworks/AVFoundation.framework; sourceTree = SDKROOT; };
		B3BA70111A20E42700859F9D /* GLTFLoader.cpp */ = {isa = PBXFileReference; fileEncoding = 4; lastKnownFileType = sourcecode.cpp.cpp; name = GLTFLoader.cpp; path = ../include/GLTFLoader.cpp; sourceTree = "<group>"; };
		B3BA70121A20E42700859F9D /* GLTFLoader.h */ = {isa = PBXFileReference; fileEncoding = 4; lastKnownFileType = sourcecode.c.h; name = GLTFLoader.h; path = ../include/GLTFLoader.h; sourceTree = "<group>"; };
		B3C4AB1919531FCD005D1017 /* GLTF.cpp */ = {isa = PBXFileReference; fileEncoding = 4; lastKnownFileType = sourcecode.cpp.cpp; name = GLTF.cpp; path = ../include/GLTF.cpp; sourceTree = "<group>"; };
		B3C4AB1A19531FCD005D1017 /* GLTF.h */ = {isa = PBXFileReference; fileEncoding = 4; lastKnownFileType = sourcecode.c.h; name = GLTF.h; path = ../include/GLTF.h; sourceTree = "<group>"; };
		B3F4EA5A1A949B0300B8ADB1 /* GltfContainer.cpp */ = {isa = PBXFileReference; fileEncoding = 4; lastKnownFileType = sourcecode.cpp.cpp; name = GltfContainer.cpp; path = ../include/GltfContainer.cpp; sourceTree = "<group>"; };
		C72FA9D69C4A40CDA936E045 /* Resources.h */ = {isa = PBXFileReference; lastKnownFileType = sourcecode.c.h; name = Resources.h; path = ../include/Resources.h; sourceTree = "<group>"; };
		CDF1A12A281B446B92E2B412 /* GLTFWorkApp.cpp */ = {isa = PBXFileReference; lastKnownFileType = sourcecode.c.cpp; name = GLTFWorkApp.cpp; path = ../src/GLTFWorkApp.cpp; sourceTree = "<group>"; };
/* End PBXFileReference section */

/* Begin PBXFrameworksBuildPhase section */
		8D11072E0486CEB800E47090 /* Frameworks */ = {
			isa = PBXFrameworksBuildPhase;
			buildActionMask = 2147483647;
			files = (
				B3B6641719AD4CD70097005F /* AVFoundation.framework in Frameworks */,
				B3B6641519AD4CD00097005F /* CoreMedia.framework in Frameworks */,
				8D11072F0486CEB800E47090 /* Cocoa.framework in Frameworks */,
				0091D8F90E81B9330029341E /* OpenGL.framework in Frameworks */,
				5323E6B20EAFCA74003A9687 /* CoreVideo.framework in Frameworks */,
				5323E6B60EAFCA7E003A9687 /* QTKit.framework in Frameworks */,
				00B784B30FF439BC000DE1D7 /* Accelerate.framework in Frameworks */,
				00B784B40FF439BC000DE1D7 /* AudioToolbox.framework in Frameworks */,
				00B784B50FF439BC000DE1D7 /* AudioUnit.framework in Frameworks */,
				00B784B60FF439BC000DE1D7 /* CoreAudio.framework in Frameworks */,
			);
			runOnlyForDeploymentPostprocessing = 0;
		};
/* End PBXFrameworksBuildPhase section */

/* Begin PBXGroup section */
		01B97315FEAEA392516A2CEA /* Blocks */ = {
			isa = PBXGroup;
			children = (
			);
			name = Blocks;
			sourceTree = "<group>";
		};
		080E96DDFE201D6D7F000001 /* Source */ = {
			isa = PBXGroup;
			children = (
				CDF1A12A281B446B92E2B412 /* GLTFWorkApp.cpp */,
			);
			name = Source;
			sourceTree = "<group>";
		};
		1058C7A0FEA54F0111CA2CBB /* Linked Frameworks */ = {
			isa = PBXGroup;
			children = (
				00B784AF0FF439BC000DE1D7 /* Accelerate.framework */,
				00B784B00FF439BC000DE1D7 /* AudioToolbox.framework */,
				00B784B10FF439BC000DE1D7 /* AudioUnit.framework */,
				00B784B20FF439BC000DE1D7 /* CoreAudio.framework */,
				5323E6B50EAFCA7E003A9687 /* QTKit.framework */,
				5323E6B10EAFCA74003A9687 /* CoreVideo.framework */,
				0091D8F80E81B9330029341E /* OpenGL.framework */,
				1058C7A1FEA54F0111CA2CBB /* Cocoa.framework */,
			);
			name = "Linked Frameworks";
			sourceTree = "<group>";
		};
		1058C7A2FEA54F0111CA2CBB /* Other Frameworks */ = {
			isa = PBXGroup;
			children = (
				29B97324FDCFA39411CA2CEA /* AppKit.framework */,
				29B97325FDCFA39411CA2CEA /* Foundation.framework */,
			);
			name = "Other Frameworks";
			sourceTree = "<group>";
		};
		19C28FACFE9D520D11CA2CBB /* Products */ = {
			isa = PBXGroup;
			children = (
				8D1107320486CEB800E47090 /* GLTFWork.app */,
			);
			name = Products;
			sourceTree = "<group>";
		};
		29B97314FDCFA39411CA2CEA /* GLTFWork */ = {
			isa = PBXGroup;
			children = (
				01B97315FEAEA392516A2CEA /* Blocks */,
				29B97315FDCFA39411CA2CEA /* Headers */,
				080E96DDFE201D6D7F000001 /* Source */,
				29B97317FDCFA39411CA2CEA /* Resources */,
				29B97323FDCFA39411CA2CEA /* Frameworks */,
				19C28FACFE9D520D11CA2CBB /* Products */,
			);
			name = GLTFWork;
			sourceTree = "<group>";
		};
		29B97315FDCFA39411CA2CEA /* Headers */ = {
			isa = PBXGroup;
			children = (
				C72FA9D69C4A40CDA936E045 /* Resources.h */,
				0D78716D720B4D1486377C35 /* GLTFWork_Prefix.pch */,
				B3C4AB1A19531FCD005D1017 /* GLTF.h */,
				B3C4AB1919531FCD005D1017 /* GLTF.cpp */,
				B37F628E195A20EE005F267A /* GltfContainer.h */,
				B3BA70111A20E42700859F9D /* GLTFLoader.cpp */,
				B3BA70121A20E42700859F9D /* GLTFLoader.h */,
				B3F4EA5A1A949B0300B8ADB1 /* GltfContainer.cpp */,
			);
			name = Headers;
			sourceTree = "<group>";
		};
		29B97317FDCFA39411CA2CEA /* Resources */ = {
			isa = PBXGroup;
			children = (
				B32CA9811982ED2F00E64F8C /* basicTexture.vert */,
				B32CA9801982ED2F00E64F8C /* basicTexture.frag */,
				B32CA9721982CA0800E64F8C /* duck.bin */,
				B32CA9731982CA0800E64F8C /* duck.dae */,
				B32CA9741982CA0800E64F8C /* duck.gltf */,
				B32CA9751982CA0800E64F8C /* duck.json */,
				B32CA9761982CA0800E64F8C /* duck0FS.glsl */,
				B32CA9771982CA0800E64F8C /* duck0VS.glsl */,
				B32CA9781982CA0800E64F8C /* duckCM.png */,
				718920F2D97543DAADB13CF6 /* CinderApp.icns */,
				681B11F516C946D7BBFEEFA2 /* Info.plist */,
			);
			name = Resources;
			sourceTree = "<group>";
		};
		29B97323FDCFA39411CA2CEA /* Frameworks */ = {
			isa = PBXGroup;
			children = (
				B3B6641619AD4CD70097005F /* AVFoundation.framework */,
				B3B6641419AD4CD00097005F /* CoreMedia.framework */,
				1058C7A0FEA54F0111CA2CBB /* Linked Frameworks */,
				1058C7A2FEA54F0111CA2CBB /* Other Frameworks */,
			);
			name = Frameworks;
			sourceTree = "<group>";
		};
/* End PBXGroup section */

/* Begin PBXNativeTarget section */
		8D1107260486CEB800E47090 /* GLTFWork */ = {
			isa = PBXNativeTarget;
			buildConfigurationList = C01FCF4A08A954540054247B /* Build configuration list for PBXNativeTarget "GLTFWork" */;
			buildPhases = (
				8D1107290486CEB800E47090 /* Resources */,
				8D11072C0486CEB800E47090 /* Sources */,
				8D11072E0486CEB800E47090 /* Frameworks */,
			);
			buildRules = (
			);
			dependencies = (
			);
			name = GLTFWork;
			productInstallPath = "$(HOME)/Applications";
			productName = GLTFWork;
			productReference = 8D1107320486CEB800E47090 /* GLTFWork.app */;
			productType = "com.apple.product-type.application";
		};
/* End PBXNativeTarget section */

/* Begin PBXProject section */
		29B97313FDCFA39411CA2CEA /* Project object */ = {
			isa = PBXProject;
			attributes = {
			};
			buildConfigurationList = C01FCF4E08A954540054247B /* Build configuration list for PBXProject "GLTFWork" */;
			compatibilityVersion = "Xcode 3.2";
			developmentRegion = English;
			hasScannedForEncodings = 1;
			knownRegions = (
				English,
				Japanese,
				French,
				German,
			);
			mainGroup = 29B97314FDCFA39411CA2CEA /* GLTFWork */;
			projectDirPath = "";
			projectRoot = "";
			targets = (
				8D1107260486CEB800E47090 /* GLTFWork */,
			);
		};
/* End PBXProject section */

/* Begin PBXResourcesBuildPhase section */
		8D1107290486CEB800E47090 /* Resources */ = {
			isa = PBXResourcesBuildPhase;
			buildActionMask = 2147483647;
			files = (
				B32CA97B1982CA0800E64F8C /* duck.gltf in Resources */,
				B32CA97A1982CA0800E64F8C /* duck.dae in Resources */,
				B32CA97C1982CA0800E64F8C /* duck.json in Resources */,
				B32CA9791982CA0800E64F8C /* duck.bin in Resources */,
				B32CA97E1982CA0800E64F8C /* duck0VS.glsl in Resources */,
				B32CA9831982ED2F00E64F8C /* basicTexture.vert in Resources */,
				AE506FD2D9704EDFA6B59FCD /* CinderApp.icns in Resources */,
				B32CA97F1982CA0800E64F8C /* duckCM.png in Resources */,
				B32CA9821982ED2F00E64F8C /* basicTexture.frag in Resources */,
				B32CA97D1982CA0800E64F8C /* duck0FS.glsl in Resources */,
			);
			runOnlyForDeploymentPostprocessing = 0;
		};
/* End PBXResourcesBuildPhase section */

/* Begin PBXSourcesBuildPhase section */
		8D11072C0486CEB800E47090 /* Sources */ = {
			isa = PBXSourcesBuildPhase;
			buildActionMask = 2147483647;
			files = (
				B3BA70131A20E42700859F9D /* GLTFLoader.cpp in Sources */,
				B3C4AB1B19531FCD005D1017 /* GLTF.cpp in Sources */,
				B3F4EA5B1A949B0300B8ADB1 /* GltfContainer.cpp in Sources */,
				FEB95A5E7CA844AAAB8231E0 /* GLTFWorkApp.cpp in Sources */,
			);
			runOnlyForDeploymentPostprocessing = 0;
		};
/* End PBXSourcesBuildPhase section */

/* Begin XCBuildConfiguration section */
		C01FCF4B08A954540054247B /* Debug */ = {
			isa = XCBuildConfiguration;
			buildSettings = {
				CINDER_PATH = ../../..;
				COMBINE_HIDPI_IMAGES = YES;
				COPY_PHASE_STRIP = NO;
				DEAD_CODE_STRIPPING = YES;
				GCC_DYNAMIC_NO_PIC = NO;
				GCC_INLINES_ARE_PRIVATE_EXTERN = YES;
				GCC_OPTIMIZATION_LEVEL = 0;
				GCC_PRECOMPILE_PREFIX_HEADER = YES;
				GCC_PREFIX_HEADER = GLTFWork_Prefix.pch;
				GCC_PREPROCESSOR_DEFINITIONS = (
					"DEBUG=1",
					"$(inherited)",
				);
				GCC_SYMBOLS_PRIVATE_EXTERN = NO;
				INFOPLIST_FILE = Info.plist;
				INSTALL_PATH = "$(HOME)/Applications";
				OTHER_LDFLAGS = "\"$(CINDER_PATH)/lib/libcinder_d.a\"";
				PRODUCT_NAME = GLTFWork;
				SYMROOT = ./build;
				WRAPPER_EXTENSION = app;
			};
			name = Debug;
		};
		C01FCF4C08A954540054247B /* Release */ = {
			isa = XCBuildConfiguration;
			buildSettings = {
				CINDER_PATH = ../../..;
				COMBINE_HIDPI_IMAGES = YES;
				DEAD_CODE_STRIPPING = YES;
				DEBUG_INFORMATION_FORMAT = "dwarf-with-dsym";
				GCC_FAST_MATH = YES;
				GCC_GENERATE_DEBUGGING_SYMBOLS = NO;
				GCC_INLINES_ARE_PRIVATE_EXTERN = YES;
				GCC_OPTIMIZATION_LEVEL = 3;
				GCC_PRECOMPILE_PREFIX_HEADER = YES;
				GCC_PREFIX_HEADER = GLTFWork_Prefix.pch;
				GCC_SYMBOLS_PRIVATE_EXTERN = NO;
				INFOPLIST_FILE = Info.plist;
				INSTALL_PATH = "$(HOME)/Applications";
				OTHER_LDFLAGS = "\"$(CINDER_PATH)/lib/libcinder.a\"";
				PRODUCT_NAME = GLTFWork;
				STRIP_INSTALLED_PRODUCT = YES;
				SYMROOT = ./build;
				WRAPPER_EXTENSION = app;
			};
			name = Release;
		};
		C01FCF4F08A954540054247B /* Debug */ = {
			isa = XCBuildConfiguration;
			buildSettings = {
				ALWAYS_SEARCH_USER_PATHS = NO;
				ARCHS = x86_64;
				CINDER_PATH = ../../../cinder_dev;
				CLANG_CXX_LANGUAGE_STANDARD = "c++0x";
				CLANG_CXX_LIBRARY = "libc++";
				GCC_WARN_ABOUT_RETURN_TYPE = YES;
				GCC_WARN_UNUSED_VARIABLE = YES;
				HEADER_SEARCH_PATHS = "\"$(CINDER_PATH)/boost\"";
				MACOSX_DEPLOYMENT_TARGET = 10.7;
				SDKROOT = macosx;
				USER_HEADER_SEARCH_PATHS = "\"$(CINDER_PATH)/include\" ../include";
			};
			name = Debug;
		};
		C01FCF5008A954540054247B /* Release */ = {
			isa = XCBuildConfiguration;
			buildSettings = {
				ALWAYS_SEARCH_USER_PATHS = NO;
				ARCHS = x86_64;
				CINDER_PATH = ../../../cinder_dev;
				CLANG_CXX_LANGUAGE_STANDARD = "c++0x";
				CLANG_CXX_LIBRARY = "libc++";
				GCC_WARN_ABOUT_RETURN_TYPE = YES;
				GCC_WARN_UNUSED_VARIABLE = YES;
				HEADER_SEARCH_PATHS = "\"$(CINDER_PATH)/boost\"";
				MACOSX_DEPLOYMENT_TARGET = 10.7;
				SDKROOT = macosx;
				USER_HEADER_SEARCH_PATHS = "\"$(CINDER_PATH)/include\" ../include";
			};
			name = Release;
		};
/* End XCBuildConfiguration section */

/* Begin XCConfigurationList section */
		C01FCF4A08A954540054247B /* Build configuration list for PBXNativeTarget "GLTFWork" */ = {
			isa = XCConfigurationList;
			buildConfigurations = (
				C01FCF4B08A954540054247B /* Debug */,
				C01FCF4C08A954540054247B /* Release */,
			);
			defaultConfigurationIsVisible = 0;
			defaultConfigurationName = Release;
		};
		C01FCF4E08A954540054247B /* Build configuration list for PBXProject "GLTFWork" */ = {
			isa = XCConfigurationList;
			buildConfigurations = (
				C01FCF4F08A954540054247B /* Debug */,
				C01FCF5008A954540054247B /* Release */,
			);
			defaultConfigurationIsVisible = 0;
			defaultConfigurationName = Release;
		};
/* End XCConfigurationList section */
	};
	rootObject = 29B97313FDCFA39411CA2CEA /* Project object */;
}
